
Microsoft Visual Studio Solution File, Format Version 12.00
# Visual Studio Version 17
VisualStudioVersion = 17.14.36429.23 d17.14
MinimumVisualStudioVersion = 10.0.40219.1
Project("{FAE04EC0-301F-11D3-BF4B-00C04F79EFBC}") = "CoworkingReservations.Api", "CoworkingReservations.Api\CoworkingReservations.Api.csproj", "{21BD6465-A0D7-4E30-971F-4E26109AAD53}"
EndProject
Project("{FAE04EC0-301F-11D3-BF4B-00C04F79EFBC}") = "CoworkingReservations.Core", "CoworkingReservations.Core\CoworkingReservations.Core.csproj", "{BD2F647B-C8F0-43B0-BC68-F89C7E33FC14}"
EndProject
Project("{FAE04EC0-301F-11D3-BF4B-00C04F79EFBC}") = "CoworkingReservations.Infrastructure", "CoworkingReservations.Infrastructure\CoworkingReservations.Infrastructure.csproj", "{835161AF-AB08-496C-9F59-640054D26B89}"
EndProject
Global
	GlobalSection(SolutionConfigurationPlatforms) = preSolution
		Debug|Any CPU = Debug|Any CPU
		Release|Any CPU = Release|Any CPU
	EndGlobalSection
	GlobalSection(ProjectConfigurationPlatforms) = postSolution
		{21BD6465-A0D7-4E30-971F-4E26109AAD53}.Debug|Any CPU.ActiveCfg = Debug|Any CPU
		{21BD6465-A0D7-4E30-971F-4E26109AAD53}.Debug|Any CPU.Build.0 = Debug|Any CPU
		{21BD6465-A0D7-4E30-971F-4E26109AAD53}.Release|Any CPU.ActiveCfg = Release|Any CPU
		{21BD6465-A0D7-4E30-971F-4E26109AAD53}.Release|Any CPU.Build.0 = Release|Any CPU
		{BD2F647B-C8F0-43B0-BC68-F89C7E33FC14}.Debug|Any CPU.ActiveCfg = Debug|Any CPU
		{BD2F647B-C8F0-43B0-BC68-F89C7E33FC14}.Debug|Any CPU.Build.0 = Debug|Any CPU
		{BD2F647B-C8F0-43B0-BC68-F89C7E33FC14}.Release|Any CPU.ActiveCfg = Release|Any CPU
		{BD2F647B-C8F0-43B0-BC68-F89C7E33FC14}.Release|Any CPU.Build.0 = Release|Any CPU
		{835161AF-AB08-496C-9F59-640054D26B89}.Debug|Any CPU.ActiveCfg = Debug|Any CPU
		{835161AF-AB08-496C-9F59-640054D26B89}.Debug|Any CPU.Build.0 = Debug|Any CPU
		{835161AF-AB08-496C-9F59-640054D26B89}.Release|Any CPU.ActiveCfg = Release|Any CPU
		{835161AF-AB08-496C-9F59-640054D26B89}.Release|Any CPU.Build.0 = Release|Any CPU
	EndGlobalSection
	GlobalSection(SolutionProperties) = preSolution
		HideSolutionNode = FALSE
	EndGlobalSection
	GlobalSection(ExtensibilityGlobals) = postSolution
		SolutionGuid = {4A1B15E6-CA1F-4681-B9A2-E6813AB23D58}
	EndGlobalSection
EndGlobal
